
Microsoft Visual Studio Solution File, Format Version 12.00
# Visual Studio Version 16
VisualStudioVersion = 16.0.29911.84
MinimumVisualStudioVersion = 10.0.40219.1
Project("{FAE04EC0-301F-11D3-BF4B-00C04F79EFBC}") = "BaharsTaskManagementSystem", "BaharsTaskManagementSystem.csproj", "{4A54DB2F-A234-4C2E-BA1A-51EBA3923F3D}"
EndProject
Global
	GlobalSection(SolutionConfigurationPlatforms) = preSolution
		Debug|Any CPU = Debug|Any CPU
		Release|Any CPU = Release|Any CPU
	EndGlobalSection
	GlobalSection(ProjectConfigurationPlatforms) = postSolution
		{4A54DB2F-A234-4C2E-BA1A-51EBA3923F3D}.Debug|Any CPU.ActiveCfg = Debug|Any CPU
		{4A54DB2F-A234-4C2E-BA1A-51EBA3923F3D}.Debug|Any CPU.Build.0 = Debug|Any CPU
		{4A54DB2F-A234-4C2E-BA1A-51EBA3923F3D}.Release|Any CPU.ActiveCfg = Release|Any CPU
		{4A54DB2F-A234-4C2E-BA1A-51EBA3923F3D}.Release|Any CPU.Build.0 = Release|Any CPU
	EndGlobalSection
	GlobalSection(SolutionProperties) = preSolution
		HideSolutionNode = FALSE
	EndGlobalSection
	GlobalSection(ExtensibilityGlobals) = postSolution
		SolutionGuid = {CC0CBAE9-046F-4C95-B829-6C8EE3945B81}
	EndGlobalSection
EndGlobal
